<?xml version="1.0" encoding="utf-8"?>
<Project ToolsVersion="4.0" xmlns="http://schemas.microsoft.com/developer/msbuild/2003">
  <ItemGroup>
    <Filter Include="Source Files">
      <UniqueIdentifier>{4FC737F1-C7A5-4376-A066-2A32D752A2FF}</UniqueIdentifier>
      <Extensions>cpp;c;cc;cxx;def;odl;idl;hpj;bat;asm;asmx</Extensions>
    </Filter>
    <Filter Include="Header Files">
      <UniqueIdentifier>{93995380-89BD-4b04-88EB-625FBE52EBFB}</UniqueIdentifier>
      <Extensions>h;hh;hpp;hxx;hm;inl;inc;xsd</Extensions>
    </Filter>
    <Filter Include="Resource Files">
      <UniqueIdentifier>{67DA6AB6-F800-4c08-8B7A-83BB121AAD01}</UniqueIdentifier>
      <Extensions>rc;ico;cur;bmp;dlg;rc2;rct;bin;rgs;gif;jpg;jpeg;jpe;resx;tiff;tif;png;wav;mfcribbon-ms</Extensions>
    </Filter>
    <Filter Include="ToyMath">
      <UniqueIdentifier>{63a26f5c-d92d-4a6c-8cbe-8098d417aa30}</UniqueIdentifier>
    </Filter>
    <Filter Include="Utility">
      <UniqueIdentifier>{4ae984c8-4bd8-4fe4-8ec6-43b4650aade2}</UniqueIdentifier>
    </Filter>
    <Filter Include="Arti3D_Core">
      <UniqueIdentifier>{bc6b4f91-3564-4826-9661-e89017b17232}</UniqueIdentifier>
    </Filter>
    <Filter Include="Arti3D_Core\Header">
      <UniqueIdentifier>{0beb330c-77bf-4686-af21-111f0bba3ec1}</UniqueIdentifier>
    </Filter>
    <Filter Include="Arti3D_Core\Source">
      <UniqueIdentifier>{278b56d3-e652-4b9b-9d2c-8d5d001ab194}</UniqueIdentifier>
    </Filter>
    <Filter Include="Arti3D">
      <UniqueIdentifier>{7fcf5069-5730-491d-a3c2-49a3d8d7a8bc}</UniqueIdentifier>
    </Filter>
    <Filter Include="Arti3D\Source">
      <UniqueIdentifier>{57c05d2e-24d3-4fd7-b76d-e0a52ef5742f}</UniqueIdentifier>
    </Filter>
    <Filter Include="Arti3D\Header">
      <UniqueIdentifier>{150ec215-46cc-4105-8480-01af2badb5f9}</UniqueIdentifier>
    </Filter>
    <Filter Include="Arti3D_Resource">
      <UniqueIdentifier>{c7b012e1-6f23-406f-b9ae-2f0a5251852a}</UniqueIdentifier>
    </Filter>
  </ItemGroup>
  <ItemGroup>
    <Text Include="..\..\..\..\SilverX%27s Space\VS2013 Projects\ToyX\ToyX\ReadMe.txt" />
  </ItemGroup>
  <ItemGroup>
    <ClInclude Include="stdafx.h">
      <Filter>Header Files</Filter>
    </ClInclude>
    <ClInclude Include="targetver.h">
      <Filter>Header Files</Filter>
    </ClInclude>
    <ClInclude Include="Clock.h">
      <Filter>Utility</Filter>
    </ClInclude>
    <ClInclude Include="Helper.h">
      <Filter>Utility</Filter>
    </ClInclude>
    <ClInclude Include="Arti3D_Device.h">
      <Filter>Arti3D_Core\Header</Filter>
    </ClInclude>
    <ClInclude Include="Arti3D_ForwardDecl.h">
      <Filter>Arti3D_Core\Header</Filter>
    </ClInclude>
    <ClInclude Include="Arti3D_IndexBuffer.h">
      <Filter>Arti3D_Core\Header</Filter>
    </ClInclude>
    <ClInclude Include="Arti3D_Tile.h">
      <Filter>Arti3D_Core\Header</Filter>
    </ClInclude>
    <ClInclude Include="Arti3D_Types.h">
      <Filter>Arti3D_Core\Header</Filter>
    </ClInclude>
    <ClInclude Include="Arti3D_VertexBuffer.h">
      <Filter>Arti3D_Core\Header</Filter>
    </ClInclude>
    <ClInclude Include="Shader.h">
      <Filter>Arti3D_Core\Header</Filter>
    </ClInclude>
    <ClInclude Include="Arti3D_Thread.h">
      <Filter>Arti3D_Core\Header</Filter>
    </ClInclude>
    <ClInclude Include="Arti3D_RenderTarget.h">
      <Filter>Arti3D_Core\Header</Filter>
    </ClInclude>
    <ClInclude Include="Arti3D_Surface.h">
      <Filter>Arti3D_Core\Header</Filter>
    </ClInclude>
    <ClInclude Include="Arti3D_Math.h">
      <Filter>ToyMath</Filter>
    </ClInclude>
    <ClInclude Include="Arti3D_Window.h">
      <Filter>Arti3D_Core\Header</Filter>
    </ClInclude>
    <ClInclude Include="Arti3DApp.h">
      <Filter>Arti3D\Header</Filter>
    </ClInclude>
    <ClInclude Include="Arti3D_SSE_Math.h">
      <Filter>ToyMath</Filter>
    </ClInclude>
    <ClInclude Include="Arti3D_ShaderBase.h">
      <Filter>Arti3D_Core\Header</Filter>
    </ClInclude>
    <ClInclude Include="Arti3D_Mesh.h">
      <Filter>Arti3D_Resource</Filter>
    </ClInclude>
    <ClInclude Include="Arti3D_CubeTexture.h">
      <Filter>Arti3D_Core\Header</Filter>
    </ClInclude>
    <ClInclude Include="Arti3D.h">
      <Filter>Arti3D_Core\Source</Filter>
    </ClInclude>
  </ItemGroup>
  <ItemGroup>
    <ClCompile Include="stdafx.cpp">
      <Filter>Source Files</Filter>
    </ClCompile>
    <ClCompile Include="Arti3D_Device.cpp">
      <Filter>Arti3D_Core\Source</Filter>
    </ClCompile>
    <ClCompile Include="Arti3D_IndexBuffer.cpp">
      <Filter>Arti3D_Core\Source</Filter>
    </ClCompile>
    <ClCompile Include="Arti3D_Tile.cpp">
      <Filter>Arti3D_Core\Source</Filter>
    </ClCompile>
    <ClCompile Include="Arti3D_VertexBuffer.cpp">
      <Filter>Arti3D_Core\Source</Filter>
    </ClCompile>
    <ClCompile Include="Shader.cpp">
      <Filter>Arti3D_Core\Source</Filter>
    </ClCompile>
    <ClCompile Include="Arti3D_Thread.cpp">
      <Filter>Arti3D_Core\Source</Filter>
    </ClCompile>
    <ClCompile Include="Arti3D_RenderTarget.cpp">
      <Filter>Arti3D_Core\Source</Filter>
    </ClCompile>
    <ClCompile Include="Arti3D_Surface.cpp">
      <Filter>Arti3D_Core\Source</Filter>
    </ClCompile>
    <ClCompile Include="Arti3D_Window.cpp">
      <Filter>Arti3D_Core\Source</Filter>
    </ClCompile>
    <ClCompile Include="Arti3DApp.cpp">
      <Filter>Arti3D\Source</Filter>
    </ClCompile>
    <ClCompile Include="main.cpp">
      <Filter>Source Files</Filter>
    </ClCompile>
    <ClCompile Include="Arti3D_SSE_Math.cpp">
      <Filter>ToyMath</Filter>
    </ClCompile>
    <ClCompile Include="Arti3D_ShaderBase.cpp">
      <Filter>Arti3D_Core\Source</Filter>
    </ClCompile>
    <ClCompile Include="Arti3D_Mesh.cpp">
      <Filter>Arti3D_Resource</Filter>
    </ClCompile>
    <ClCompile Include="Arti3D_CubeTexture.cpp">
      <Filter>Arti3D_Core\Source</Filter>
    </ClCompile>
  </ItemGroup>
</Project>